
Microsoft Visual Studio Solution File, Format Version 12.00
# Visual Studio Version 16
VisualStudioVersion = 16.0.30621.155
MinimumVisualStudioVersion = 10.0.40219.1
Project("{8BC9CEB8-8B4A-11D0-8D11-00A0C91BC942}") = "Program", "Program\Program.vcxproj", "{40B8E7AD-3717-4ABF-A2E7-610B65E86416}"
EndProject
Project("{8BC9CEB8-8B4A-11D0-8D11-00A0C91BC942}") = "UnitTest", "UnitTest\UnitTest.vcxproj", "{0ED1F75E-6A22-4EB7-821E-87EC3B4A00CC}"
EndProject
Global
	GlobalSection(SolutionConfigurationPlatforms) = preSolution
		Debug|x64 = Debug|x64
		Debug|x86 = Debug|x86
		Release|x64 = Release|x64
		Release|x86 = Release|x86
	EndGlobalSection
	GlobalSection(ProjectConfigurationPlatforms) = postSolution
		{40B8E7AD-3717-4ABF-A2E7-610B65E86416}.Debug|x64.ActiveCfg = Debug|x64
		{40B8E7AD-3717-4ABF-A2E7-610B65E86416}.Debug|x64.Build.0 = Debug|x64
		{40B8E7AD-3717-4ABF-A2E7-610B65E86416}.Debug|x86.ActiveCfg = Debug|Win32
		{40B8E7AD-3717-4ABF-A2E7-610B65E86416}.Debug|x86.Build.0 = Debug|Win32
		{40B8E7AD-3717-4ABF-A2E7-610B65E86416}.Release|x64.ActiveCfg = Release|x64
		{40B8E7AD-3717-4ABF-A2E7-610B65E86416}.Release|x64.Build.0 = Release|x64
		{40B8E7AD-3717-4ABF-A2E7-610B65E86416}.Release|x86.ActiveCfg = Release|Win32
		{40B8E7AD-3717-4ABF-A2E7-610B65E86416}.Release|x86.Build.0 = Release|Win32
		{0ED1F75E-6A22-4EB7-821E-87EC3B4A00CC}.Debug|x64.ActiveCfg = Debug|x64
		{0ED1F75E-6A22-4EB7-821E-87EC3B4A00CC}.Debug|x64.Build.0 = Debug|x64
		{0ED1F75E-6A22-4EB7-821E-87EC3B4A00CC}.Debug|x86.ActiveCfg = Debug|Win32
		{0ED1F75E-6A22-4EB7-821E-87EC3B4A00CC}.Debug|x86.Build.0 = Debug|Win32
		{0ED1F75E-6A22-4EB7-821E-87EC3B4A00CC}.Release|x64.ActiveCfg = Release|x64
		{0ED1F75E-6A22-4EB7-821E-87EC3B4A00CC}.Release|x64.Build.0 = Release|x64
		{0ED1F75E-6A22-4EB7-821E-87EC3B4A00CC}.Release|x86.ActiveCfg = Release|Win32
		{0ED1F75E-6A22-4EB7-821E-87EC3B4A00CC}.Release|x86.Build.0 = Release|Win32
	EndGlobalSection
	GlobalSection(SolutionProperties) = preSolution
		HideSolutionNode = FALSE
	EndGlobalSection
	GlobalSection(ExtensibilityGlobals) = postSolution
		SolutionGuid = {53E0D6C2-1593-454D-9239-372491FA74D7}
	EndGlobalSection
EndGlobal
